// !$*UTF8*$!
{
	archiveVersion = 1;
	classes = {
	};
	objectVersion = 51;
	objects = {

/* Begin PBXBuildFile section */
		4316FA8225DBB33100D8CBB8 /* ViewController.swift in Sources */ = {isa = PBXBuildFile; fileRef = 4316FA8125DBB33100D8CBB8 /* ViewController.swift */; };
		4316FA8525DBC45500D8CBB8 /* SetUpViewController.swift in Sources */ = {isa = PBXBuildFile; fileRef = 4316FA8425DBC45500D8CBB8 /* SetUpViewController.swift */; };
		4316FA8B25DBCACA00D8CBB8 /* SwiftyRecordButton.swift in Sources */ = {isa = PBXBuildFile; fileRef = 4316FA8A25DBCACA00D8CBB8 /* SwiftyRecordButton.swift */; };
		4316FA8E25DBCAD300D8CBB8 /* LoadingView.swift in Sources */ = {isa = PBXBuildFile; fileRef = 4316FA8D25DBCAD300D8CBB8 /* LoadingView.swift */; };
		4316FA9125DBCAEF00D8CBB8 /* AuthCheck.swift in Sources */ = {isa = PBXBuildFile; fileRef = 4316FA9025DBCAEF00D8CBB8 /* AuthCheck.swift */; };
		4316FA9425DBCAFA00D8CBB8 /* VAVideoCompressor.swift in Sources */ = {isa = PBXBuildFile; fileRef = 4316FA9325DBCAFA00D8CBB8 /* VAVideoCompressor.swift */; };
		43E4237525DBAEC100F09663 /* AppDelegate.swift in Sources */ = {isa = PBXBuildFile; fileRef = 43E4237425DBAEC100F09663 /* AppDelegate.swift */; };
		43E4237725DBAEC100F09663 /* SceneDelegate.swift in Sources */ = {isa = PBXBuildFile; fileRef = 43E4237625DBAEC100F09663 /* SceneDelegate.swift */; };
		43E4237C25DBAEC100F09663 /* Main.storyboard in Resources */ = {isa = PBXBuildFile; fileRef = 43E4237A25DBAEC100F09663 /* Main.storyboard */; };
		43E4237E25DBAEC400F09663 /* Assets.xcassets in Resources */ = {isa = PBXBuildFile; fileRef = 43E4237D25DBAEC400F09663 /* Assets.xcassets */; };
		43E4238125DBAEC400F09663 /* LaunchScreen.storyboard in Resources */ = {isa = PBXBuildFile; fileRef = 43E4237F25DBAEC400F09663 /* LaunchScreen.storyboard */; };
		C4A4BF12E496B64E2F4D5890 /* Pods_Swift6Tiktok1.framework in Frameworks */ = {isa = PBXBuildFile; fileRef = 23738FC2EA395546F734A737 /* Pods_Swift6Tiktok1.framework */; };
/* End PBXBuildFile section */

/* Begin PBXFileReference section */
		23738FC2EA395546F734A737 /* Pods_Swift6Tiktok1.framework */ = {isa = PBXFileReference; explicitFileType = wrapper.framework; includeInIndex = 0; path = Pods_Swift6Tiktok1.framework; sourceTree = BUILT_PRODUCTS_DIR; };
		4316FA8125DBB33100D8CBB8 /* ViewController.swift */ = {isa = PBXFileReference; lastKnownFileType = sourcecode.swift; path = ViewController.swift; sourceTree = "<group>"; };
		4316FA8425DBC45500D8CBB8 /* SetUpViewController.swift */ = {isa = PBXFileReference; lastKnownFileType = sourcecode.swift; path = SetUpViewController.swift; sourceTree = "<group>"; };
		4316FA8A25DBCACA00D8CBB8 /* SwiftyRecordButton.swift */ = {isa = PBXFileReference; fileEncoding = 4; lastKnownFileType = sourcecode.swift; path = SwiftyRecordButton.swift; sourceTree = "<group>"; };
		4316FA8D25DBCAD300D8CBB8 /* LoadingView.swift */ = {isa = PBXFileReference; fileEncoding = 4; lastKnownFileType = sourcecode.swift; path = LoadingView.swift; sourceTree = "<group>"; };
		4316FA9025DBCAEF00D8CBB8 /* AuthCheck.swift */ = {isa = PBXFileReference; fileEncoding = 4; lastKnownFileType = sourcecode.swift; path = AuthCheck.swift; sourceTree = "<group>"; };
		4316FA9325DBCAFA00D8CBB8 /* VAVideoCompressor.swift */ = {isa = PBXFileReference; fileEncoding = 4; lastKnownFileType = sourcecode.swift; path = VAVideoCompressor.swift; sourceTree = "<group>"; };
		43E4237125DBAEC100F09663 /* Swift6Tiktok1.app */ = {isa = PBXFileReference; explicitFileType = wrapper.application; includeInIndex = 0; path = Swift6Tiktok1.app; sourceTree = BUILT_PRODUCTS_DIR; };
		43E4237425DBAEC100F09663 /* AppDelegate.swift */ = {isa = PBXFileReference; lastKnownFileType = sourcecode.swift; path = AppDelegate.swift; sourceTree = "<group>"; };
		43E4237625DBAEC100F09663 /* SceneDelegate.swift */ = {isa = PBXFileReference; lastKnownFileType = sourcecode.swift; path = SceneDelegate.swift; sourceTree = "<group>"; };
		43E4237B25DBAEC100F09663 /* Base */ = {isa = PBXFileReference; lastKnownFileType = file.storyboard; name = Base; path = Base.lproj/Main.storyboard; sourceTree = "<group>"; };
		43E4237D25DBAEC400F09663 /* Assets.xcassets */ = {isa = PBXFileReference; lastKnownFileType = folder.assetcatalog; path = Assets.xcassets; sourceTree = "<group>"; };
		43E4238025DBAEC400F09663 /* Base */ = {isa = PBXFileReference; lastKnownFileType = file.storyboard; name = Base; path = Base.lproj/LaunchScreen.storyboard; sourceTree = "<group>"; };
		43E4238225DBAEC400F09663 /* Info.plist */ = {isa = PBXFileReference; lastKnownFileType = text.plist.xml; path = Info.plist; sourceTree = "<group>"; };
		90882F92422B2CC70864E6A0 /* Pods-Swift6Tiktok1.release.xcconfig */ = {isa = PBXFileReference; includeInIndex = 1; lastKnownFileType = text.xcconfig; name = "Pods-Swift6Tiktok1.release.xcconfig"; path = "Target Support Files/Pods-Swift6Tiktok1/Pods-Swift6Tiktok1.release.xcconfig"; sourceTree = "<group>"; };
		B761A1467FA942F16077EEE5 /* Pods-Swift6Tiktok1.debug.xcconfig */ = {isa = PBXFileReference; includeInIndex = 1; lastKnownFileType = text.xcconfig; name = "Pods-Swift6Tiktok1.debug.xcconfig"; path = "Target Support Files/Pods-Swift6Tiktok1/Pods-Swift6Tiktok1.debug.xcconfig"; sourceTree = "<group>"; };
/* End PBXFileReference section */

/* Begin PBXFrameworksBuildPhase section */
		43E4236E25DBAEC100F09663 /* Frameworks */ = {
			isa = PBXFrameworksBuildPhase;
			buildActionMask = 2147483647;
			files = (
				C4A4BF12E496B64E2F4D5890 /* Pods_Swift6Tiktok1.framework in Frameworks */,
			);
			runOnlyForDeploymentPostprocessing = 0;
		};
/* End PBXFrameworksBuildPhase section */

/* Begin PBXGroup section */
		10719DC56E01EA473BBE3D41 /* Frameworks */ = {
			isa = PBXGroup;
			children = (
				23738FC2EA395546F734A737 /* Pods_Swift6Tiktok1.framework */,
			);
			name = Frameworks;
			sourceTree = "<group>";
		};
		187C5428A14751500D330BDC /* Pods */ = {
			isa = PBXGroup;
			children = (
				B761A1467FA942F16077EEE5 /* Pods-Swift6Tiktok1.debug.xcconfig */,
				90882F92422B2CC70864E6A0 /* Pods-Swift6Tiktok1.release.xcconfig */,
			);
			path = Pods;
			sourceTree = "<group>";
		};
		4316FA8025DBB31100D8CBB8 /* Controller */ = {
			isa = PBXGroup;
			children = (
				4316FA8125DBB33100D8CBB8 /* ViewController.swift */,
				4316FA8425DBC45500D8CBB8 /* SetUpViewController.swift */,
			);
			path = Controller;
			sourceTree = "<group>";
		};
		4316FA8725DBCA7100D8CBB8 /* View */ = {
			isa = PBXGroup;
			children = (
				4316FA8A25DBCACA00D8CBB8 /* SwiftyRecordButton.swift */,
				4316FA8D25DBCAD300D8CBB8 /* LoadingView.swift */,
			);
			path = View;
			sourceTree = "<group>";
		};
		4316FA8825DBCA7D00D8CBB8 /* Model */ = {
			isa = PBXGroup;
			children = (
				4316FA9025DBCAEF00D8CBB8 /* AuthCheck.swift */,
			);
			path = Model;
			sourceTree = "<group>";
		};
		4316FA8925DBCA8800D8CBB8 /* Util */ = {
			isa = PBXGroup;
			children = (
				4316FA9325DBCAFA00D8CBB8 /* VAVideoCompressor.swift */,
			);
			path = Util;
			sourceTree = "<group>";
		};
		43E4236825DBAEC100F09663 = {
			isa = PBXGroup;
			children = (
				43E4237325DBAEC100F09663 /* Swift6Tiktok1 */,
				43E4237225DBAEC100F09663 /* Products */,
				187C5428A14751500D330BDC /* Pods */,
				10719DC56E01EA473BBE3D41 /* Frameworks */,
			);
			sourceTree = "<group>";
		};
		43E4237225DBAEC100F09663 /* Products */ = {
			isa = PBXGroup;
			children = (
				43E4237125DBAEC100F09663 /* Swift6Tiktok1.app */,
			);
			name = Products;
			sourceTree = "<group>";
		};
		43E4237325DBAEC100F09663 /* Swift6Tiktok1 */ = {
			isa = PBXGroup;
			children = (
				43E4237425DBAEC100F09663 /* AppDelegate.swift */,
				43E4237625DBAEC100F09663 /* SceneDelegate.swift */,
				4316FA8925DBCA8800D8CBB8 /* Util */,
				4316FA8825DBCA7D00D8CBB8 /* Model */,
				4316FA8725DBCA7100D8CBB8 /* View */,
				4316FA8025DBB31100D8CBB8 /* Controller */,
				43E4237A25DBAEC100F09663 /* Main.storyboard */,
				43E4237D25DBAEC400F09663 /* Assets.xcassets */,
				43E4237F25DBAEC400F09663 /* LaunchScreen.storyboard */,
				43E4238225DBAEC400F09663 /* Info.plist */,
			);
			path = Swift6Tiktok1;
			sourceTree = "<group>";
		};
/* End PBXGroup section */

/* Begin PBXNativeTarget section */
		43E4237025DBAEC100F09663 /* Swift6Tiktok1 */ = {
			isa = PBXNativeTarget;
			buildConfigurationList = 43E4238525DBAEC400F09663 /* Build configuration list for PBXNativeTarget "Swift6Tiktok1" */;
			buildPhases = (
				C646D1B78A6B8998E228979C /* [CP] Check Pods Manifest.lock */,
				43E4236D25DBAEC100F09663 /* Sources */,
				43E4236E25DBAEC100F09663 /* Frameworks */,
				43E4236F25DBAEC100F09663 /* Resources */,
				4DD0A83B888A3F394AD43CDC /* [CP] Embed Pods Frameworks */,
			);
			buildRules = (
			);
			dependencies = (
			);
			name = Swift6Tiktok1;
			productName = Swift6Tiktok1;
			productReference = 43E4237125DBAEC100F09663 /* Swift6Tiktok1.app */;
			productType = "com.apple.product-type.application";
		};
/* End PBXNativeTarget section */

/* Begin PBXProject section */
		43E4236925DBAEC100F09663 /* Project object */ = {
			isa = PBXProject;
			attributes = {
				LastSwiftUpdateCheck = 1200;
				LastUpgradeCheck = 1200;
				TargetAttributes = {
					43E4237025DBAEC100F09663 = {
						CreatedOnToolsVersion = 12.0;
					};
				};
			};
			buildConfigurationList = 43E4236C25DBAEC100F09663 /* Build configuration list for PBXProject "Swift6Tiktok1" */;
			compatibilityVersion = "Xcode 9.3";
			developmentRegion = en;
			hasScannedForEncodings = 0;
			knownRegions = (
				en,
				Base,
			);
			mainGroup = 43E4236825DBAEC100F09663;
			productRefGroup = 43E4237225DBAEC100F09663 /* Products */;
			projectDirPath = "";
			projectRoot = "";
			targets = (
				43E4237025DBAEC100F09663 /* Swift6Tiktok1 */,
			);
		};
/* End PBXProject section */

/* Begin PBXResourcesBuildPhase section */
		43E4236F25DBAEC100F09663 /* Resources */ = {
			isa = PBXResourcesBuildPhase;
			buildActionMask = 2147483647;
			files = (
				43E4238125DBAEC400F09663 /* LaunchScreen.storyboard in Resources */,
				43E4237E25DBAEC400F09663 /* Assets.xcassets in Resources */,
				43E4237C25DBAEC100F09663 /* Main.storyboard in Resources */,
			);
			runOnlyForDeploymentPostprocessing = 0;
		};
/* End PBXResourcesBuildPhase section */

/* Begin PBXShellScriptBuildPhase section */
		4DD0A83B888A3F394AD43CDC /* [CP] Embed Pods Frameworks */ = {
			isa = PBXShellScriptBuildPhase;
			buildActionMask = 2147483647;
			files = (
			);
			inputFileListPaths = (
				"${PODS_ROOT}/Target Support Files/Pods-Swift6Tiktok1/Pods-Swift6Tiktok1-frameworks-${CONFIGURATION}-input-files.xcfilelist",
			);
			name = "[CP] Embed Pods Frameworks";
			outputFileListPaths = (
				"${PODS_ROOT}/Target Support Files/Pods-Swift6Tiktok1/Pods-Swift6Tiktok1-frameworks-${CONFIGURATION}-output-files.xcfilelist",
			);
			runOnlyForDeploymentPostprocessing = 0;
			shellPath = /bin/sh;
			shellScript = "\"${PODS_ROOT}/Target Support Files/Pods-Swift6Tiktok1/Pods-Swift6Tiktok1-frameworks.sh\"\n";
			showEnvVarsInLog = 0;
		};
		C646D1B78A6B8998E228979C /* [CP] Check Pods Manifest.lock */ = {
			isa = PBXShellScriptBuildPhase;
			buildActionMask = 2147483647;
			files = (
			);
			inputFileListPaths = (
			);
			inputPaths = (
				"${PODS_PODFILE_DIR_PATH}/Podfile.lock",
				"${PODS_ROOT}/Manifest.lock",
			);
			name = "[CP] Check Pods Manifest.lock";
			outputFileListPaths = (
			);
			outputPaths = (
				"$(DERIVED_FILE_DIR)/Pods-Swift6Tiktok1-checkManifestLockResult.txt",
			);
			runOnlyForDeploymentPostprocessing = 0;
			shellPath = /bin/sh;
			shellScript = "diff \"${PODS_PODFILE_DIR_PATH}/Podfile.lock\" \"${PODS_ROOT}/Manifest.lock\" > /dev/null\nif [ $? != 0 ] ; then\n    # print error to STDERR\n    echo \"error: The sandbox is not in sync with the Podfile.lock. Run 'pod install' or update your CocoaPods installation.\" >&2\n    exit 1\nfi\n# This output is used by Xcode 'outputs' to avoid re-running this script phase.\necho \"SUCCESS\" > \"${SCRIPT_OUTPUT_FILE_0}\"\n";
			showEnvVarsInLog = 0;
		};
/* End PBXShellScriptBuildPhase section */

/* Begin PBXSourcesBuildPhase section */
		43E4236D25DBAEC100F09663 /* Sources */ = {
			isa = PBXSourcesBuildPhase;
			buildActionMask = 2147483647;
			files = (
				4316FA8B25DBCACA00D8CBB8 /* SwiftyRecordButton.swift in Sources */,
				4316FA8525DBC45500D8CBB8 /* SetUpViewController.swift in Sources */,
				4316FA8225DBB33100D8CBB8 /* ViewController.swift in Sources */,
				4316FA9125DBCAEF00D8CBB8 /* AuthCheck.swift in Sources */,
				43E4237525DBAEC100F09663 /* AppDelegate.swift in Sources */,
				4316FA9425DBCAFA00D8CBB8 /* VAVideoCompressor.swift in Sources */,
				43E4237725DBAEC100F09663 /* SceneDelegate.swift in Sources */,
				4316FA8E25DBCAD300D8CBB8 /* LoadingView.swift in Sources */,
			);
			runOnlyForDeploymentPostprocessing = 0;
		};
/* End PBXSourcesBuildPhase section */

/* Begin PBXVariantGroup section */
		43E4237A25DBAEC100F09663 /* Main.storyboard */ = {
			isa = PBXVariantGroup;
			children = (
				43E4237B25DBAEC100F09663 /* Base */,
			);
			name = Main.storyboard;
			sourceTree = "<group>";
		};
		43E4237F25DBAEC400F09663 /* LaunchScreen.storyboard */ = {
			isa = PBXVariantGroup;
			children = (
				43E4238025DBAEC400F09663 /* Base */,
			);
			name = LaunchScreen.storyboard;
			sourceTree = "<group>";
		};
/* End PBXVariantGroup section */

/* Begin XCBuildConfiguration section */
		43E4238325DBAEC400F09663 /* Debug */ = {
			isa = XCBuildConfiguration;
			buildSettings = {
				ALWAYS_SEARCH_USER_PATHS = NO;
				CLANG_ANALYZER_NONNULL = YES;
				CLANG_ANALYZER_NUMBER_OBJECT_CONVERSION = YES_AGGRESSIVE;
				CLANG_CXX_LANGUAGE_STANDARD = "gnu++14";
				CLANG_CXX_LIBRARY = "libc++";
				CLANG_ENABLE_MODULES = YES;
				CLANG_ENABLE_OBJC_ARC = YES;
				CLANG_ENABLE_OBJC_WEAK = YES;
				CLANG_WARN_BLOCK_CAPTURE_AUTORELEASING = YES;
				CLANG_WARN_BOOL_CONVERSION = YES;
				CLANG_WARN_COMMA = YES;
				CLANG_WARN_CONSTANT_CONVERSION = YES;
				CLANG_WARN_DEPRECATED_OBJC_IMPLEMENTATIONS = YES;
				CLANG_WARN_DIRECT_OBJC_ISA_USAGE = YES_ERROR;
				CLANG_WARN_DOCUMENTATION_COMMENTS = YES;
				CLANG_WARN_EMPTY_BODY = YES;
				CLANG_WARN_ENUM_CONVERSION = YES;
				CLANG_WARN_INFINITE_RECURSION = YES;
				CLANG_WARN_INT_CONVERSION = YES;
				CLANG_WARN_NON_LITERAL_NULL_CONVERSION = YES;
				CLANG_WARN_OBJC_IMPLICIT_RETAIN_SELF = YES;
				CLANG_WARN_OBJC_LITERAL_CONVERSION = YES;
				CLANG_WARN_OBJC_ROOT_CLASS = YES_ERROR;
				CLANG_WARN_QUOTED_INCLUDE_IN_FRAMEWORK_HEADER = YES;
				CLANG_WARN_RANGE_LOOP_ANALYSIS = YES;
				CLANG_WARN_STRICT_PROTOTYPES = YES;
				CLANG_WARN_SUSPICIOUS_MOVE = YES;
				CLANG_WARN_UNGUARDED_AVAILABILITY = YES_AGGRESSIVE;
				CLANG_WARN_UNREACHABLE_CODE = YES;
				CLANG_WARN__DUPLICATE_METHOD_MATCH = YES;
				COPY_PHASE_STRIP = NO;
				DEBUG_INFORMATION_FORMAT = dwarf;
				ENABLE_STRICT_OBJC_MSGSEND = YES;
				ENABLE_TESTABILITY = YES;
				GCC_C_LANGUAGE_STANDARD = gnu11;
				GCC_DYNAMIC_NO_PIC = NO;
				GCC_NO_COMMON_BLOCKS = YES;
				GCC_OPTIMIZATION_LEVEL = 0;
				GCC_PREPROCESSOR_DEFINITIONS = (
					"DEBUG=1",
					"$(inherited)",
				);
				GCC_WARN_64_TO_32_BIT_CONVERSION = YES;
				GCC_WARN_ABOUT_RETURN_TYPE = YES_ERROR;
				GCC_WARN_UNDECLARED_SELECTOR = YES;
				GCC_WARN_UNINITIALIZED_AUTOS = YES_AGGRESSIVE;
				GCC_WARN_UNUSED_FUNCTION = YES;
				GCC_WARN_UNUSED_VARIABLE = YES;
				IPHONEOS_DEPLOYMENT_TARGET = 14.0;
				MTL_ENABLE_DEBUG_INFO = INCLUDE_SOURCE;
				MTL_FAST_MATH = YES;
				ONLY_ACTIVE_ARCH = YES;
				SDKROOT = iphoneos;
				SWIFT_ACTIVE_COMPILATION_CONDITIONS = DEBUG;
				SWIFT_OPTIMIZATION_LEVEL = "-Onone";
			};
			name = Debug;
		};
		43E4238425DBAEC400F09663 /* Release */ = {
			isa = XCBuildConfiguration;
			buildSettings = {
				ALWAYS_SEARCH_USER_PATHS = NO;
				CLANG_ANALYZER_NONNULL = YES;
				CLANG_ANALYZER_NUMBER_OBJECT_CONVERSION = YES_AGGRESSIVE;
				CLANG_CXX_LANGUAGE_STANDARD = "gnu++14";
				CLANG_CXX_LIBRARY = "libc++";
				CLANG_ENABLE_MODULES = YES;
				CLANG_ENABLE_OBJC_ARC = YES;
				CLANG_ENABLE_OBJC_WEAK = YES;
				CLANG_WARN_BLOCK_CAPTURE_AUTORELEASING = YES;
				CLANG_WARN_BOOL_CONVERSION = YES;
				CLANG_WARN_COMMA = YES;
				CLANG_WARN_CONSTANT_CONVERSION = YES;
				CLANG_WARN_DEPRECATED_OBJC_IMPLEMENTATIONS = YES;
				CLANG_WARN_DIRECT_OBJC_ISA_USAGE = YES_ERROR;
				CLANG_WARN_DOCUMENTATION_COMMENTS = YES;
				CLANG_WARN_EMPTY_BODY = YES;
				CLANG_WARN_ENUM_CONVERSION = YES;
				CLANG_WARN_INFINITE_RECURSION = YES;
				CLANG_WARN_INT_CONVERSION = YES;
				CLANG_WARN_NON_LITERAL_NULL_CONVERSION = YES;
				CLANG_WARN_OBJC_IMPLICIT_RETAIN_SELF = YES;
				CLANG_WARN_OBJC_LITERAL_CONVERSION = YES;
				CLANG_WARN_OBJC_ROOT_CLASS = YES_ERROR;
				CLANG_WARN_QUOTED_INCLUDE_IN_FRAMEWORK_HEADER = YES;
				CLANG_WARN_RANGE_LOOP_ANALYSIS = YES;
				CLANG_WARN_STRICT_PROTOTYPES = YES;
				CLANG_WARN_SUSPICIOUS_MOVE = YES;
				CLANG_WARN_UNGUARDED_AVAILABILITY = YES_AGGRESSIVE;
				CLANG_WARN_UNREACHABLE_CODE = YES;
				CLANG_WARN__DUPLICATE_METHOD_MATCH = YES;
				COPY_PHASE_STRIP = NO;
				DEBUG_INFORMATION_FORMAT = "dwarf-with-dsym";
				ENABLE_NS_ASSERTIONS = NO;
				ENABLE_STRICT_OBJC_MSGSEND = YES;
				GCC_C_LANGUAGE_STANDARD = gnu11;
				GCC_NO_COMMON_BLOCKS = YES;
				GCC_WARN_64_TO_32_BIT_CONVERSION = YES;
				GCC_WARN_ABOUT_RETURN_TYPE = YES_ERROR;
				GCC_WARN_UNDECLARED_SELECTOR = YES;
				GCC_WARN_UNINITIALIZED_AUTOS = YES_AGGRESSIVE;
				GCC_WARN_UNUSED_FUNCTION = YES;
				GCC_WARN_UNUSED_VARIABLE = YES;
				IPHONEOS_DEPLOYMENT_TARGET = 14.0;
				MTL_ENABLE_DEBUG_INFO = NO;
				MTL_FAST_MATH = YES;
				SDKROOT = iphoneos;
				SWIFT_COMPILATION_MODE = wholemodule;
				SWIFT_OPTIMIZATION_LEVEL = "-O";
				VALIDATE_PRODUCT = YES;
			};
			name = Release;
		};
		43E4238625DBAEC400F09663 /* Debug */ = {
			isa = XCBuildConfiguration;
			baseConfigurationReference = B761A1467FA942F16077EEE5 /* Pods-Swift6Tiktok1.debug.xcconfig */;
			buildSettings = {
				ASSETCATALOG_COMPILER_APPICON_NAME = AppIcon;
				ASSETCATALOG_COMPILER_GLOBAL_ACCENT_COLOR_NAME = AccentColor;
				CODE_SIGN_STYLE = Automatic;
				DEVELOPMENT_TEAM = 78KUVKG9C4;
				INFOPLIST_FILE = Swift6Tiktok1/Info.plist;
				LD_RUNPATH_SEARCH_PATHS = (
					"$(inherited)",
					"@executable_path/Frameworks",
				);
				PRODUCT_BUNDLE_IDENTIFIER = tatsushi.fukunaga.Swift6Tiktok1;
				PRODUCT_NAME = "$(TARGET_NAME)";
				SWIFT_VERSION = 5.0;
				TARGETED_DEVICE_FAMILY = 1;
			};
			name = Debug;
		};
		43E4238725DBAEC400F09663 /* Release */ = {
			isa = XCBuildConfiguration;
			baseConfigurationReference = 90882F92422B2CC70864E6A0 /* Pods-Swift6Tiktok1.release.xcconfig */;
			buildSettings = {
				ASSETCATALOG_COMPILER_APPICON_NAME = AppIcon;
				ASSETCATALOG_COMPILER_GLOBAL_ACCENT_COLOR_NAME = AccentColor;
				CODE_SIGN_STYLE = Automatic;
				DEVELOPMENT_TEAM = 78KUVKG9C4;
				INFOPLIST_FILE = Swift6Tiktok1/Info.plist;
				LD_RUNPATH_SEARCH_PATHS = (
					"$(inherited)",
					"@executable_path/Frameworks",
				);
				PRODUCT_BUNDLE_IDENTIFIER = tatsushi.fukunaga.Swift6Tiktok1;
				PRODUCT_NAME = "$(TARGET_NAME)";
				SWIFT_VERSION = 5.0;
				TARGETED_DEVICE_FAMILY = 1;
			};
			name = Release;
		};
/* End XCBuildConfiguration section */

/* Begin XCConfigurationList section */
		43E4236C25DBAEC100F09663 /* Build configuration list for PBXProject "Swift6Tiktok1" */ = {
			isa = XCConfigurationList;
			buildConfigurations = (
				43E4238325DBAEC400F09663 /* Debug */,
				43E4238425DBAEC400F09663 /* Release */,
			);
			defaultConfigurationIsVisible = 0;
			defaultConfigurationName = Release;
		};
		43E4238525DBAEC400F09663 /* Build configuration list for PBXNativeTarget "Swift6Tiktok1" */ = {
			isa = XCConfigurationList;
			buildConfigurations = (
				43E4238625DBAEC400F09663 /* Debug */,
				43E4238725DBAEC400F09663 /* Release */,
			);
			defaultConfigurationIsVisible = 0;
			defaultConfigurationName = Release;
		};
/* End XCConfigurationList section */
	};
	rootObject = 43E4236925DBAEC100F09663 /* Project object */;
}
